
Microsoft Visual Studio Solution File, Format Version 12.00
# Visual Studio 15
VisualStudioVersion = 15.0.28010.2041
MinimumVisualStudioVersion = 10.0.40219.1
Project("{9A19103F-16F7-4668-BE54-9A1E7A4F7556}") = "P110_CoreTravelo", "P110_CoreTravelo\P110_CoreTravelo.csproj", "{7F735D3F-20A6-42C6-9CE6-2BCC89526FE0}"
EndProject
Global
	GlobalSection(SolutionConfigurationPlatforms) = preSolution
		Debug|Any CPU = Debug|Any CPU
		Release|Any CPU = Release|Any CPU
	EndGlobalSection
	GlobalSection(ProjectConfigurationPlatforms) = postSolution
		{7F735D3F-20A6-42C6-9CE6-2BCC89526FE0}.Debug|Any CPU.ActiveCfg = Debug|Any CPU
		{7F735D3F-20A6-42C6-9CE6-2BCC89526FE0}.Debug|Any CPU.Build.0 = Debug|Any CPU
		{7F735D3F-20A6-42C6-9CE6-2BCC89526FE0}.Release|Any CPU.ActiveCfg = Release|Any CPU
		{7F735D3F-20A6-42C6-9CE6-2BCC89526FE0}.Release|Any CPU.Build.0 = Release|Any CPU
	EndGlobalSection
	GlobalSection(SolutionProperties) = preSolution
		HideSolutionNode = FALSE
	EndGlobalSection
	GlobalSection(ExtensibilityGlobals) = postSolution
		SolutionGuid = {8E447015-00E5-49A0-87BC-78101973978B}
	EndGlobalSection
EndGlobal
